// !$*UTF8*$!
{
	archiveVersion = 1;
	classes = {
	};
	objectVersion = 50;
	objects = {

/* Begin PBXBuildFile section */
		8DA89DA5218ED681002F36DD /* TableauController.swift in Sources */ = {isa = PBXBuildFile; fileRef = 8DA89DA4218ED681002F36DD /* TableauController.swift */; };
		8DA89DA7218F23AD002F36DD /* Chanson.swift in Sources */ = {isa = PBXBuildFile; fileRef = 8DA89DA6218F23AD002F36DD /* Chanson.swift */; };
		8DA89DAA218F55A0002F36DD /* ChansonCell.swift in Sources */ = {isa = PBXBuildFile; fileRef = 8DA89DA9218F55A0002F36DD /* ChansonCell.swift */; };
		8DF4B494218D7A6E004D0A19 /* AppDelegate.swift in Sources */ = {isa = PBXBuildFile; fileRef = 8DF4B493218D7A6E004D0A19 /* AppDelegate.swift */; };
		8DF4B499218D7A6E004D0A19 /* Main.storyboard in Resources */ = {isa = PBXBuildFile; fileRef = 8DF4B497218D7A6E004D0A19 /* Main.storyboard */; };
		8DF4B49B218D7A71004D0A19 /* Assets.xcassets in Resources */ = {isa = PBXBuildFile; fileRef = 8DF4B49A218D7A71004D0A19 /* Assets.xcassets */; };
		8DF4B49E218D7A71004D0A19 /* LaunchScreen.storyboard in Resources */ = {isa = PBXBuildFile; fileRef = 8DF4B49C218D7A71004D0A19 /* LaunchScreen.storyboard */; };
/* End PBXBuildFile section */

/* Begin PBXFileReference section */
		8DA89DA4218ED681002F36DD /* TableauController.swift */ = {isa = PBXFileReference; lastKnownFileType = sourcecode.swift; path = TableauController.swift; sourceTree = "<group>"; };
		8DA89DA6218F23AD002F36DD /* Chanson.swift */ = {isa = PBXFileReference; lastKnownFileType = sourcecode.swift; path = Chanson.swift; sourceTree = "<group>"; };
		8DA89DA9218F55A0002F36DD /* ChansonCell.swift */ = {isa = PBXFileReference; lastKnownFileType = sourcecode.swift; path = ChansonCell.swift; sourceTree = "<group>"; };
		8DF4B490218D7A6E004D0A19 /* Lecteur Youtube.app */ = {isa = PBXFileReference; explicitFileType = wrapper.application; includeInIndex = 0; path = "Lecteur Youtube.app"; sourceTree = BUILT_PRODUCTS_DIR; };
		8DF4B493218D7A6E004D0A19 /* AppDelegate.swift */ = {isa = PBXFileReference; lastKnownFileType = sourcecode.swift; path = AppDelegate.swift; sourceTree = "<group>"; };
		8DF4B498218D7A6E004D0A19 /* Base */ = {isa = PBXFileReference; lastKnownFileType = file.storyboard; name = Base; path = Base.lproj/Main.storyboard; sourceTree = "<group>"; };
		8DF4B49A218D7A71004D0A19 /* Assets.xcassets */ = {isa = PBXFileReference; lastKnownFileType = folder.assetcatalog; path = Assets.xcassets; sourceTree = "<group>"; };
		8DF4B49D218D7A71004D0A19 /* Base */ = {isa = PBXFileReference; lastKnownFileType = file.storyboard; name = Base; path = Base.lproj/LaunchScreen.storyboard; sourceTree = "<group>"; };
		8DF4B49F218D7A71004D0A19 /* Info.plist */ = {isa = PBXFileReference; lastKnownFileType = text.plist.xml; path = Info.plist; sourceTree = "<group>"; };
/* End PBXFileReference section */

/* Begin PBXFrameworksBuildPhase section */
		8DF4B48D218D7A6E004D0A19 /* Frameworks */ = {
			isa = PBXFrameworksBuildPhase;
			buildActionMask = 2147483647;
			files = (
			);
			runOnlyForDeploymentPostprocessing = 0;
		};
/* End PBXFrameworksBuildPhase section */

/* Begin PBXGroup section */
		8DF4B487218D7A6E004D0A19 = {
			isa = PBXGroup;
			children = (
				8DF4B492218D7A6E004D0A19 /* Lecteur Youtube */,
				8DF4B491218D7A6E004D0A19 /* Products */,
			);
			sourceTree = "<group>";
		};
		8DF4B491218D7A6E004D0A19 /* Products */ = {
			isa = PBXGroup;
			children = (
				8DF4B490218D7A6E004D0A19 /* Lecteur Youtube.app */,
			);
			name = Products;
			sourceTree = "<group>";
		};
		8DF4B492218D7A6E004D0A19 /* Lecteur Youtube */ = {
			isa = PBXGroup;
			children = (
				8DA89DA4218ED681002F36DD /* TableauController.swift */,
				8DF4B493218D7A6E004D0A19 /* AppDelegate.swift */,
				8DF4B497218D7A6E004D0A19 /* Main.storyboard */,
				8DF4B49A218D7A71004D0A19 /* Assets.xcassets */,
				8DF4B49C218D7A71004D0A19 /* LaunchScreen.storyboard */,
				8DF4B49F218D7A71004D0A19 /* Info.plist */,
				8DA89DA6218F23AD002F36DD /* Chanson.swift */,
				8DA89DA9218F55A0002F36DD /* ChansonCell.swift */,
			);
			path = "Lecteur Youtube";
			sourceTree = "<group>";
		};
/* End PBXGroup section */

/* Begin PBXNativeTarget section */
		8DF4B48F218D7A6E004D0A19 /* Lecteur Youtube */ = {
			isa = PBXNativeTarget;
			buildConfigurationList = 8DF4B4A2218D7A71004D0A19 /* Build configuration list for PBXNativeTarget "Lecteur Youtube" */;
			buildPhases = (
				8DF4B48C218D7A6E004D0A19 /* Sources */,
				8DF4B48D218D7A6E004D0A19 /* Frameworks */,
				8DF4B48E218D7A6E004D0A19 /* Resources */,
			);
			buildRules = (
			);
			dependencies = (
			);
			name = "Lecteur Youtube";
			productName = "Lecteur Youtube";
			productReference = 8DF4B490218D7A6E004D0A19 /* Lecteur Youtube.app */;
			productType = "com.apple.product-type.application";
		};
/* End PBXNativeTarget section */

/* Begin PBXProject section */
		8DF4B488218D7A6E004D0A19 /* Project object */ = {
			isa = PBXProject;
			attributes = {
				LastSwiftUpdateCheck = 0940;
				LastUpgradeCheck = 0940;
				ORGANIZATIONNAME = "Yann Letouzey";
				TargetAttributes = {
					8DF4B48F218D7A6E004D0A19 = {
						CreatedOnToolsVersion = 9.4.1;
					};
				};
			};
			buildConfigurationList = 8DF4B48B218D7A6E004D0A19 /* Build configuration list for PBXProject "Lecteur Youtube" */;
			compatibilityVersion = "Xcode 9.3";
			developmentRegion = en;
			hasScannedForEncodings = 0;
			knownRegions = (
				en,
				Base,
			);
			mainGroup = 8DF4B487218D7A6E004D0A19;
			productRefGroup = 8DF4B491218D7A6E004D0A19 /* Products */;
			projectDirPath = "";
			projectRoot = "";
			targets = (
				8DF4B48F218D7A6E004D0A19 /* Lecteur Youtube */,
			);
		};
/* End PBXProject section */

/* Begin PBXResourcesBuildPhase section */
		8DF4B48E218D7A6E004D0A19 /* Resources */ = {
			isa = PBXResourcesBuildPhase;
			buildActionMask = 2147483647;
			files = (
				8DF4B49E218D7A71004D0A19 /* LaunchScreen.storyboard in Resources */,
				8DF4B49B218D7A71004D0A19 /* Assets.xcassets in Resources */,
				8DF4B499218D7A6E004D0A19 /* Main.storyboard in Resources */,
			);
			runOnlyForDeploymentPostprocessing = 0;
		};
/* End PBXResourcesBuildPhase section */

/* Begin PBXSourcesBuildPhase section */
		8DF4B48C218D7A6E004D0A19 /* Sources */ = {
			isa = PBXSourcesBuildPhase;
			buildActionMask = 2147483647;
			files = (
				8DA89DA5218ED681002F36DD /* TableauController.swift in Sources */,
				8DF4B494218D7A6E004D0A19 /* AppDelegate.swift in Sources */,
				8DA89DAA218F55A0002F36DD /* ChansonCell.swift in Sources */,
				8DA89DA7218F23AD002F36DD /* Chanson.swift in Sources */,
			);
			runOnlyForDeploymentPostprocessing = 0;
		};
/* End PBXSourcesBuildPhase section */

/* Begin PBXVariantGroup section */
		8DF4B497218D7A6E004D0A19 /* Main.storyboard */ = {
			isa = PBXVariantGroup;
			children = (
				8DF4B498218D7A6E004D0A19 /* Base */,
			);
			name = Main.storyboard;
			sourceTree = "<group>";
		};
		8DF4B49C218D7A71004D0A19 /* LaunchScreen.storyboard */ = {
			isa = PBXVariantGroup;
			children = (
				8DF4B49D218D7A71004D0A19 /* Base */,
			);
			name = LaunchScreen.storyboard;
			sourceTree = "<group>";
		};
/* End PBXVariantGroup section */

/* Begin XCBuildConfiguration section */
		8DF4B4A0218D7A71004D0A19 /* Debug */ = {
			isa = XCBuildConfiguration;
			buildSettings = {
				ALWAYS_SEARCH_USER_PATHS = NO;
				CLANG_ANALYZER_NONNULL = YES;
				CLANG_ANALYZER_NUMBER_OBJECT_CONVERSION = YES_AGGRESSIVE;
				CLANG_CXX_LANGUAGE_STANDARD = "gnu++14";
				CLANG_CXX_LIBRARY = "libc++";
				CLANG_ENABLE_MODULES = YES;
				CLANG_ENABLE_OBJC_ARC = YES;
				CLANG_ENABLE_OBJC_WEAK = YES;
				CLANG_WARN_BLOCK_CAPTURE_AUTORELEASING = YES;
				CLANG_WARN_BOOL_CONVERSION = YES;
				CLANG_WARN_COMMA = YES;
				CLANG_WARN_CONSTANT_CONVERSION = YES;
				CLANG_WARN_DEPRECATED_OBJC_IMPLEMENTATIONS = YES;
				CLANG_WARN_DIRECT_OBJC_ISA_USAGE = YES_ERROR;
				CLANG_WARN_DOCUMENTATION_COMMENTS = YES;
				CLANG_WARN_EMPTY_BODY = YES;
				CLANG_WARN_ENUM_CONVERSION = YES;
				CLANG_WARN_INFINITE_RECURSION = YES;
				CLANG_WARN_INT_CONVERSION = YES;
				CLANG_WARN_NON_LITERAL_NULL_CONVERSION = YES;
				CLANG_WARN_OBJC_IMPLICIT_RETAIN_SELF = YES;
				CLANG_WARN_OBJC_LITERAL_CONVERSION = YES;
				CLANG_WARN_OBJC_ROOT_CLASS = YES_ERROR;
				CLANG_WARN_RANGE_LOOP_ANALYSIS = YES;
				CLANG_WARN_STRICT_PROTOTYPES = YES;
				CLANG_WARN_SUSPICIOUS_MOVE = YES;
				CLANG_WARN_UNGUARDED_AVAILABILITY = YES_AGGRESSIVE;
				CLANG_WARN_UNREACHABLE_CODE = YES;
				CLANG_WARN__DUPLICATE_METHOD_MATCH = YES;
				CODE_SIGN_IDENTITY = "iPhone Developer";
				COPY_PHASE_STRIP = NO;
				DEBUG_INFORMATION_FORMAT = dwarf;
				ENABLE_STRICT_OBJC_MSGSEND = YES;
				ENABLE_TESTABILITY = YES;
				GCC_C_LANGUAGE_STANDARD = gnu11;
				GCC_DYNAMIC_NO_PIC = NO;
				GCC_NO_COMMON_BLOCKS = YES;
				GCC_OPTIMIZATION_LEVEL = 0;
				GCC_PREPROCESSOR_DEFINITIONS = (
					"DEBUG=1",
					"$(inherited)",
				);
				GCC_WARN_64_TO_32_BIT_CONVERSION = YES;
				GCC_WARN_ABOUT_RETURN_TYPE = YES_ERROR;
				GCC_WARN_UNDECLARED_SELECTOR = YES;
				GCC_WARN_UNINITIALIZED_AUTOS = YES_AGGRESSIVE;
				GCC_WARN_UNUSED_FUNCTION = YES;
				GCC_WARN_UNUSED_VARIABLE = YES;
				IPHONEOS_DEPLOYMENT_TARGET = 11.4;
				MTL_ENABLE_DEBUG_INFO = YES;
				ONLY_ACTIVE_ARCH = YES;
				SDKROOT = iphoneos;
				SWIFT_ACTIVE_COMPILATION_CONDITIONS = DEBUG;
				SWIFT_OPTIMIZATION_LEVEL = "-Onone";
			};
			name = Debug;
		};
		8DF4B4A1218D7A71004D0A19 /* Release */ = {
			isa = XCBuildConfiguration;
			buildSettings = {
				ALWAYS_SEARCH_USER_PATHS = NO;
				CLANG_ANALYZER_NONNULL = YES;
				CLANG_ANALYZER_NUMBER_OBJECT_CONVERSION = YES_AGGRESSIVE;
				CLANG_CXX_LANGUAGE_STANDARD = "gnu++14";
				CLANG_CXX_LIBRARY = "libc++";
				CLANG_ENABLE_MODULES = YES;
				CLANG_ENABLE_OBJC_ARC = YES;
				CLANG_ENABLE_OBJC_WEAK = YES;
				CLANG_WARN_BLOCK_CAPTURE_AUTORELEASING = YES;
				CLANG_WARN_BOOL_CONVERSION = YES;
				CLANG_WARN_COMMA = YES;
				CLANG_WARN_CONSTANT_CONVERSION = YES;
				CLANG_WARN_DEPRECATED_OBJC_IMPLEMENTATIONS = YES;
				CLANG_WARN_DIRECT_OBJC_ISA_USAGE = YES_ERROR;
				CLANG_WARN_DOCUMENTATION_COMMENTS = YES;
				CLANG_WARN_EMPTY_BODY = YES;
				CLANG_WARN_ENUM_CONVERSION = YES;
				CLANG_WARN_INFINITE_RECURSION = YES;
				CLANG_WARN_INT_CONVERSION = YES;
				CLANG_WARN_NON_LITERAL_NULL_CONVERSION = YES;
				CLANG_WARN_OBJC_IMPLICIT_RETAIN_SELF = YES;
				CLANG_WARN_OBJC_LITERAL_CONVERSION = YES;
				CLANG_WARN_OBJC_ROOT_CLASS = YES_ERROR;
				CLANG_WARN_RANGE_LOOP_ANALYSIS = YES;
				CLANG_WARN_STRICT_PROTOTYPES = YES;
				CLANG_WARN_SUSPICIOUS_MOVE = YES;
				CLANG_WARN_UNGUARDED_AVAILABILITY = YES_AGGRESSIVE;
				CLANG_WARN_UNREACHABLE_CODE = YES;
				CLANG_WARN__DUPLICATE_METHOD_MATCH = YES;
				CODE_SIGN_IDENTITY = "iPhone Developer";
				COPY_PHASE_STRIP = NO;
				DEBUG_INFORMATION_FORMAT = "dwarf-with-dsym";
				ENABLE_NS_ASSERTIONS = NO;
				ENABLE_STRICT_OBJC_MSGSEND = YES;
				GCC_C_LANGUAGE_STANDARD = gnu11;
				GCC_NO_COMMON_BLOCKS = YES;
				GCC_WARN_64_TO_32_BIT_CONVERSION = YES;
				GCC_WARN_ABOUT_RETURN_TYPE = YES_ERROR;
				GCC_WARN_UNDECLARED_SELECTOR = YES;
				GCC_WARN_UNINITIALIZED_AUTOS = YES_AGGRESSIVE;
				GCC_WARN_UNUSED_FUNCTION = YES;
				GCC_WARN_UNUSED_VARIABLE = YES;
				IPHONEOS_DEPLOYMENT_TARGET = 11.4;
				MTL_ENABLE_DEBUG_INFO = NO;
				SDKROOT = iphoneos;
				SWIFT_COMPILATION_MODE = wholemodule;
				SWIFT_OPTIMIZATION_LEVEL = "-O";
				VALIDATE_PRODUCT = YES;
			};
			name = Release;
		};
		8DF4B4A3218D7A71004D0A19 /* Debug */ = {
			isa = XCBuildConfiguration;
			buildSettings = {
				ASSETCATALOG_COMPILER_APPICON_NAME = AppIcon;
				CODE_SIGN_STYLE = Automatic;
				DEVELOPMENT_TEAM = YX2L4DDPW6;
				INFOPLIST_FILE = "Lecteur Youtube/Info.plist";
				LD_RUNPATH_SEARCH_PATHS = (
					"$(inherited)",
					"@executable_path/Frameworks",
				);
				PRODUCT_BUNDLE_IDENTIFIER = "Y.L.compagny.Lecteur-Youtube";
				PRODUCT_NAME = "$(TARGET_NAME)";
				SWIFT_VERSION = 4.0;
				TARGETED_DEVICE_FAMILY = "1,2";
			};
			name = Debug;
		};
		8DF4B4A4218D7A71004D0A19 /* Release */ = {
			isa = XCBuildConfiguration;
			buildSettings = {
				ASSETCATALOG_COMPILER_APPICON_NAME = AppIcon;
				CODE_SIGN_STYLE = Automatic;
				DEVELOPMENT_TEAM = YX2L4DDPW6;
				INFOPLIST_FILE = "Lecteur Youtube/Info.plist";
				LD_RUNPATH_SEARCH_PATHS = (
					"$(inherited)",
					"@executable_path/Frameworks",
				);
				PRODUCT_BUNDLE_IDENTIFIER = "Y.L.compagny.Lecteur-Youtube";
				PRODUCT_NAME = "$(TARGET_NAME)";
				SWIFT_VERSION = 4.0;
				TARGETED_DEVICE_FAMILY = "1,2";
			};
			name = Release;
		};
/* End XCBuildConfiguration section */

/* Begin XCConfigurationList section */
		8DF4B48B218D7A6E004D0A19 /* Build configuration list for PBXProject "Lecteur Youtube" */ = {
			isa = XCConfigurationList;
			buildConfigurations = (
				8DF4B4A0218D7A71004D0A19 /* Debug */,
				8DF4B4A1218D7A71004D0A19 /* Release */,
			);
			defaultConfigurationIsVisible = 0;
			defaultConfigurationName = Release;
		};
		8DF4B4A2218D7A71004D0A19 /* Build configuration list for PBXNativeTarget "Lecteur Youtube" */ = {
			isa = XCConfigurationList;
			buildConfigurations = (
				8DF4B4A3218D7A71004D0A19 /* Debug */,
				8DF4B4A4218D7A71004D0A19 /* Release */,
			);
			defaultConfigurationIsVisible = 0;
			defaultConfigurationName = Release;
		};
/* End XCConfigurationList section */
	};
	rootObject = 8DF4B488218D7A6E004D0A19 /* Project object */;
}
